// !$*UTF8*$!
{
	archiveVersion = 1;
	classes = {
	};
	objectVersion = 46;
	objects = {

/* Begin PBXBuildFile section */
		76A759D7CB12D8D1EC24DA1B /* Pods_OnTheMap.framework in Frameworks */ = {isa = PBXBuildFile; fileRef = 4B5966894875F1C6A09C22B5 /* Pods_OnTheMap.framework */; };
		A58674DE1EB2E1230024FC7B /* BorderedButton.swift in Sources */ = {isa = PBXBuildFile; fileRef = A58674DD1EB2E1230024FC7B /* BorderedButton.swift */; };
		A58674E11EB2EB900024FC7B /* OTMClient.swift in Sources */ = {isa = PBXBuildFile; fileRef = A58674E01EB2EB900024FC7B /* OTMClient.swift */; };
		A58674E31EB2EBD10024FC7B /* OTMConstants.swift in Sources */ = {isa = PBXBuildFile; fileRef = A58674E21EB2EBD10024FC7B /* OTMConstants.swift */; };
		A58674E51EB2F4F10024FC7B /* OTMConvenience.swift in Sources */ = {isa = PBXBuildFile; fileRef = A58674E41EB2F4F10024FC7B /* OTMConvenience.swift */; };
		A5A4249E1EB5AF32009A82E6 /* AddLocationViewController.swift in Sources */ = {isa = PBXBuildFile; fileRef = A5A4249D1EB5AF32009A82E6 /* AddLocationViewController.swift */; };
		A5DA964D1EB405730050E8B3 /* MapViewController.swift in Sources */ = {isa = PBXBuildFile; fileRef = A5DA964C1EB405730050E8B3 /* MapViewController.swift */; };
		A5DA964F1EB41EC40050E8B3 /* StudentInformation.swift in Sources */ = {isa = PBXBuildFile; fileRef = A5DA964E1EB41EC40050E8B3 /* StudentInformation.swift */; };
		A5DA96511EB455640050E8B3 /* Extensions.swift in Sources */ = {isa = PBXBuildFile; fileRef = A5DA96501EB455640050E8B3 /* Extensions.swift */; };
		A5DC8DAB1EB2ADBF000DD0DA /* AppDelegate.swift in Sources */ = {isa = PBXBuildFile; fileRef = A5DC8DAA1EB2ADBF000DD0DA /* AppDelegate.swift */; };
		A5DC8DAD1EB2ADBF000DD0DA /* LoginViewController.swift in Sources */ = {isa = PBXBuildFile; fileRef = A5DC8DAC1EB2ADBF000DD0DA /* LoginViewController.swift */; };
		A5DC8DB01EB2ADBF000DD0DA /* Main.storyboard in Resources */ = {isa = PBXBuildFile; fileRef = A5DC8DAE1EB2ADBF000DD0DA /* Main.storyboard */; };
		A5DC8DB21EB2ADBF000DD0DA /* Assets.xcassets in Resources */ = {isa = PBXBuildFile; fileRef = A5DC8DB11EB2ADBF000DD0DA /* Assets.xcassets */; };
		A5DC8DB51EB2ADBF000DD0DA /* LaunchScreen.storyboard in Resources */ = {isa = PBXBuildFile; fileRef = A5DC8DB31EB2ADBF000DD0DA /* LaunchScreen.storyboard */; };
		A5DF60481EB6B78D0054ADB8 /* ConfirmAddLocationViewController.swift in Sources */ = {isa = PBXBuildFile; fileRef = A5DF60471EB6B78D0054ADB8 /* ConfirmAddLocationViewController.swift */; };
		A5F74E161EB4630F002AF032 /* TableViewController.swift in Sources */ = {isa = PBXBuildFile; fileRef = A5F74E151EB4630F002AF032 /* TableViewController.swift */; };
/* End PBXBuildFile section */

/* Begin PBXFileReference section */
		3B375B46A227EF595388EAE1 /* Pods-OnTheMap.debug.xcconfig */ = {isa = PBXFileReference; includeInIndex = 1; lastKnownFileType = text.xcconfig; name = "Pods-OnTheMap.debug.xcconfig"; path = "Pods/Target Support Files/Pods-OnTheMap/Pods-OnTheMap.debug.xcconfig"; sourceTree = "<group>"; };
		4B5966894875F1C6A09C22B5 /* Pods_OnTheMap.framework */ = {isa = PBXFileReference; explicitFileType = wrapper.framework; includeInIndex = 0; path = Pods_OnTheMap.framework; sourceTree = BUILT_PRODUCTS_DIR; };
		A58674DD1EB2E1230024FC7B /* BorderedButton.swift */ = {isa = PBXFileReference; fileEncoding = 4; lastKnownFileType = sourcecode.swift; path = BorderedButton.swift; sourceTree = "<group>"; };
		A58674E01EB2EB900024FC7B /* OTMClient.swift */ = {isa = PBXFileReference; fileEncoding = 4; lastKnownFileType = sourcecode.swift; path = OTMClient.swift; sourceTree = "<group>"; };
		A58674E21EB2EBD10024FC7B /* OTMConstants.swift */ = {isa = PBXFileReference; fileEncoding = 4; lastKnownFileType = sourcecode.swift; path = OTMConstants.swift; sourceTree = "<group>"; };
		A58674E41EB2F4F10024FC7B /* OTMConvenience.swift */ = {isa = PBXFileReference; fileEncoding = 4; lastKnownFileType = sourcecode.swift; path = OTMConvenience.swift; sourceTree = "<group>"; };
		A5A4249D1EB5AF32009A82E6 /* AddLocationViewController.swift */ = {isa = PBXFileReference; fileEncoding = 4; lastKnownFileType = sourcecode.swift; path = AddLocationViewController.swift; sourceTree = "<group>"; };
		A5DA964C1EB405730050E8B3 /* MapViewController.swift */ = {isa = PBXFileReference; fileEncoding = 4; lastKnownFileType = sourcecode.swift; path = MapViewController.swift; sourceTree = "<group>"; };
		A5DA964E1EB41EC40050E8B3 /* StudentInformation.swift */ = {isa = PBXFileReference; fileEncoding = 4; lastKnownFileType = sourcecode.swift; path = StudentInformation.swift; sourceTree = "<group>"; };
		A5DA96501EB455640050E8B3 /* Extensions.swift */ = {isa = PBXFileReference; fileEncoding = 4; lastKnownFileType = sourcecode.swift; path = Extensions.swift; sourceTree = "<group>"; };
		A5DC8DA71EB2ADBF000DD0DA /* OnTheMap.app */ = {isa = PBXFileReference; explicitFileType = wrapper.application; includeInIndex = 0; path = OnTheMap.app; sourceTree = BUILT_PRODUCTS_DIR; };
		A5DC8DAA1EB2ADBF000DD0DA /* AppDelegate.swift */ = {isa = PBXFileReference; lastKnownFileType = sourcecode.swift; path = AppDelegate.swift; sourceTree = "<group>"; };
		A5DC8DAC1EB2ADBF000DD0DA /* LoginViewController.swift */ = {isa = PBXFileReference; lastKnownFileType = sourcecode.swift; path = LoginViewController.swift; sourceTree = "<group>"; };
		A5DC8DAF1EB2ADBF000DD0DA /* Base */ = {isa = PBXFileReference; lastKnownFileType = file.storyboard; name = Base; path = Base.lproj/Main.storyboard; sourceTree = "<group>"; };
		A5DC8DB11EB2ADBF000DD0DA /* Assets.xcassets */ = {isa = PBXFileReference; lastKnownFileType = folder.assetcatalog; path = Assets.xcassets; sourceTree = "<group>"; };
		A5DC8DB41EB2ADBF000DD0DA /* Base */ = {isa = PBXFileReference; lastKnownFileType = file.storyboard; name = Base; path = Base.lproj/LaunchScreen.storyboard; sourceTree = "<group>"; };
		A5DC8DB61EB2ADBF000DD0DA /* Info.plist */ = {isa = PBXFileReference; lastKnownFileType = text.plist.xml; path = Info.plist; sourceTree = "<group>"; };
		A5DF60471EB6B78D0054ADB8 /* ConfirmAddLocationViewController.swift */ = {isa = PBXFileReference; fileEncoding = 4; lastKnownFileType = sourcecode.swift; path = ConfirmAddLocationViewController.swift; sourceTree = "<group>"; };
		A5F74E151EB4630F002AF032 /* TableViewController.swift */ = {isa = PBXFileReference; fileEncoding = 4; lastKnownFileType = sourcecode.swift; path = TableViewController.swift; sourceTree = "<group>"; };
		C2C6BAFA7EE9545374EB5163 /* Pods-OnTheMap.release.xcconfig */ = {isa = PBXFileReference; includeInIndex = 1; lastKnownFileType = text.xcconfig; name = "Pods-OnTheMap.release.xcconfig"; path = "Pods/Target Support Files/Pods-OnTheMap/Pods-OnTheMap.release.xcconfig"; sourceTree = "<group>"; };
/* End PBXFileReference section */

/* Begin PBXFrameworksBuildPhase section */
		A5DC8DA41EB2ADBF000DD0DA /* Frameworks */ = {
			isa = PBXFrameworksBuildPhase;
			buildActionMask = 2147483647;
			files = (
				76A759D7CB12D8D1EC24DA1B /* Pods_OnTheMap.framework in Frameworks */,
			);
			runOnlyForDeploymentPostprocessing = 0;
		};
/* End PBXFrameworksBuildPhase section */

/* Begin PBXGroup section */
		A39168E9C0B7CBF802AEC660 /* Frameworks */ = {
			isa = PBXGroup;
			children = (
				4B5966894875F1C6A09C22B5 /* Pods_OnTheMap.framework */,
			);
			name = Frameworks;
			sourceTree = "<group>";
		};
		A58674DC1EB2E0BB0024FC7B /* View */ = {
			isa = PBXGroup;
			children = (
				A5DC8DAE1EB2ADBF000DD0DA /* Main.storyboard */,
				A5DC8DB31EB2ADBF000DD0DA /* LaunchScreen.storyboard */,
				A58674DD1EB2E1230024FC7B /* BorderedButton.swift */,
			);
			name = View;
			sourceTree = "<group>";
		};
		A58674DF1EB2EB440024FC7B /* Model */ = {
			isa = PBXGroup;
			children = (
				A5DC8DAA1EB2ADBF000DD0DA /* AppDelegate.swift */,
				A58674E01EB2EB900024FC7B /* OTMClient.swift */,
				A58674E21EB2EBD10024FC7B /* OTMConstants.swift */,
				A58674E41EB2F4F10024FC7B /* OTMConvenience.swift */,
				A5DA964E1EB41EC40050E8B3 /* StudentInformation.swift */,
			);
			name = Model;
			sourceTree = "<group>";
		};
		A5DC8D9E1EB2ADBF000DD0DA = {
			isa = PBXGroup;
			children = (
				A5DC8DA91EB2ADBF000DD0DA /* OnTheMap */,
				A5DC8DA81EB2ADBF000DD0DA /* Products */,
				DE2EC86724545A3E0B2DBE77 /* Pods */,
				A39168E9C0B7CBF802AEC660 /* Frameworks */,
			);
			sourceTree = "<group>";
		};
		A5DC8DA81EB2ADBF000DD0DA /* Products */ = {
			isa = PBXGroup;
			children = (
				A5DC8DA71EB2ADBF000DD0DA /* OnTheMap.app */,
			);
			name = Products;
			sourceTree = "<group>";
		};
		A5DC8DA91EB2ADBF000DD0DA /* OnTheMap */ = {
			isa = PBXGroup;
			children = (
				A58674DF1EB2EB440024FC7B /* Model */,
				A58674DC1EB2E0BB0024FC7B /* View */,
				A5DC8DBC1EB2DD4A000DD0DA /* Controller */,
				A5DC8DB11EB2ADBF000DD0DA /* Assets.xcassets */,
				A5DC8DB61EB2ADBF000DD0DA /* Info.plist */,
			);
			path = OnTheMap;
			sourceTree = "<group>";
		};
		A5DC8DBC1EB2DD4A000DD0DA /* Controller */ = {
			isa = PBXGroup;
			children = (
				A5DC8DAC1EB2ADBF000DD0DA /* LoginViewController.swift */,
				A5DA964C1EB405730050E8B3 /* MapViewController.swift */,
				A5F74E151EB4630F002AF032 /* TableViewController.swift */,
				A5A4249D1EB5AF32009A82E6 /* AddLocationViewController.swift */,
				A5DF60471EB6B78D0054ADB8 /* ConfirmAddLocationViewController.swift */,
				A5DA96501EB455640050E8B3 /* Extensions.swift */,
			);
			name = Controller;
			sourceTree = "<group>";
		};
		DE2EC86724545A3E0B2DBE77 /* Pods */ = {
			isa = PBXGroup;
			children = (
				3B375B46A227EF595388EAE1 /* Pods-OnTheMap.debug.xcconfig */,
				C2C6BAFA7EE9545374EB5163 /* Pods-OnTheMap.release.xcconfig */,
			);
			name = Pods;
			sourceTree = "<group>";
		};
/* End PBXGroup section */

/* Begin PBXNativeTarget section */
		A5DC8DA61EB2ADBF000DD0DA /* OnTheMap */ = {
			isa = PBXNativeTarget;
			buildConfigurationList = A5DC8DB91EB2ADBF000DD0DA /* Build configuration list for PBXNativeTarget "OnTheMap" */;
			buildPhases = (
				A500A6DF5A18EB371FD46890 /* [CP] Check Pods Manifest.lock */,
				A5DC8DA31EB2ADBF000DD0DA /* Sources */,
				A5DC8DA41EB2ADBF000DD0DA /* Frameworks */,
				A5DC8DA51EB2ADBF000DD0DA /* Resources */,
				1D0FC483F4508BA229A06049 /* [CP] Embed Pods Frameworks */,
				058996EE40329CF918DDD84C /* [CP] Copy Pods Resources */,
			);
			buildRules = (
			);
			dependencies = (
			);
			name = OnTheMap;
			productName = OnTheMap;
			productReference = A5DC8DA71EB2ADBF000DD0DA /* OnTheMap.app */;
			productType = "com.apple.product-type.application";
		};
/* End PBXNativeTarget section */

/* Begin PBXProject section */
		A5DC8D9F1EB2ADBF000DD0DA /* Project object */ = {
			isa = PBXProject;
			attributes = {
				LastSwiftUpdateCheck = 0830;
				LastUpgradeCheck = 0830;
				ORGANIZATIONNAME = "Chris Leung";
				TargetAttributes = {
					A5DC8DA61EB2ADBF000DD0DA = {
						CreatedOnToolsVersion = 8.3.2;
						DevelopmentTeam = XKM44UF8A2;
						ProvisioningStyle = Automatic;
					};
				};
			};
			buildConfigurationList = A5DC8DA21EB2ADBF000DD0DA /* Build configuration list for PBXProject "OnTheMap" */;
			compatibilityVersion = "Xcode 3.2";
			developmentRegion = English;
			hasScannedForEncodings = 0;
			knownRegions = (
				en,
				Base,
			);
			mainGroup = A5DC8D9E1EB2ADBF000DD0DA;
			productRefGroup = A5DC8DA81EB2ADBF000DD0DA /* Products */;
			projectDirPath = "";
			projectRoot = "";
			targets = (
				A5DC8DA61EB2ADBF000DD0DA /* OnTheMap */,
			);
		};
/* End PBXProject section */

/* Begin PBXResourcesBuildPhase section */
		A5DC8DA51EB2ADBF000DD0DA /* Resources */ = {
			isa = PBXResourcesBuildPhase;
			buildActionMask = 2147483647;
			files = (
				A5DC8DB51EB2ADBF000DD0DA /* LaunchScreen.storyboard in Resources */,
				A5DC8DB21EB2ADBF000DD0DA /* Assets.xcassets in Resources */,
				A5DC8DB01EB2ADBF000DD0DA /* Main.storyboard in Resources */,
			);
			runOnlyForDeploymentPostprocessing = 0;
		};
/* End PBXResourcesBuildPhase section */

/* Begin PBXShellScriptBuildPhase section */
		058996EE40329CF918DDD84C /* [CP] Copy Pods Resources */ = {
			isa = PBXShellScriptBuildPhase;
			buildActionMask = 2147483647;
			files = (
			);
			inputPaths = (
			);
			name = "[CP] Copy Pods Resources";
			outputPaths = (
			);
			runOnlyForDeploymentPostprocessing = 0;
			shellPath = /bin/sh;
			shellScript = "\"${SRCROOT}/Pods/Target Support Files/Pods-OnTheMap/Pods-OnTheMap-resources.sh\"\n";
			showEnvVarsInLog = 0;
		};
		1D0FC483F4508BA229A06049 /* [CP] Embed Pods Frameworks */ = {
			isa = PBXShellScriptBuildPhase;
			buildActionMask = 2147483647;
			files = (
			);
			inputPaths = (
			);
			name = "[CP] Embed Pods Frameworks";
			outputPaths = (
			);
			runOnlyForDeploymentPostprocessing = 0;
			shellPath = /bin/sh;
			shellScript = "\"${SRCROOT}/Pods/Target Support Files/Pods-OnTheMap/Pods-OnTheMap-frameworks.sh\"\n";
			showEnvVarsInLog = 0;
		};
		A500A6DF5A18EB371FD46890 /* [CP] Check Pods Manifest.lock */ = {
			isa = PBXShellScriptBuildPhase;
			buildActionMask = 2147483647;
			files = (
			);
			inputPaths = (
			);
			name = "[CP] Check Pods Manifest.lock";
			outputPaths = (
			);
			runOnlyForDeploymentPostprocessing = 0;
			shellPath = /bin/sh;
			shellScript = "diff \"${PODS_PODFILE_DIR_PATH}/Podfile.lock\" \"${PODS_ROOT}/Manifest.lock\" > /dev/null\nif [ $? != 0 ] ; then\n    # print error to STDERR\n    echo \"error: The sandbox is not in sync with the Podfile.lock. Run 'pod install' or update your CocoaPods installation.\" >&2\n    exit 1\nfi\n";
			showEnvVarsInLog = 0;
		};
/* End PBXShellScriptBuildPhase section */

/* Begin PBXSourcesBuildPhase section */
		A5DC8DA31EB2ADBF000DD0DA /* Sources */ = {
			isa = PBXSourcesBuildPhase;
			buildActionMask = 2147483647;
			files = (
				A5DA964F1EB41EC40050E8B3 /* StudentInformation.swift in Sources */,
				A5DA96511EB455640050E8B3 /* Extensions.swift in Sources */,
				A5DC8DAD1EB2ADBF000DD0DA /* LoginViewController.swift in Sources */,
				A5F74E161EB4630F002AF032 /* TableViewController.swift in Sources */,
				A58674E11EB2EB900024FC7B /* OTMClient.swift in Sources */,
				A5A4249E1EB5AF32009A82E6 /* AddLocationViewController.swift in Sources */,
				A5DC8DAB1EB2ADBF000DD0DA /* AppDelegate.swift in Sources */,
				A58674E31EB2EBD10024FC7B /* OTMConstants.swift in Sources */,
				A5DF60481EB6B78D0054ADB8 /* ConfirmAddLocationViewController.swift in Sources */,
				A58674E51EB2F4F10024FC7B /* OTMConvenience.swift in Sources */,
				A58674DE1EB2E1230024FC7B /* BorderedButton.swift in Sources */,
				A5DA964D1EB405730050E8B3 /* MapViewController.swift in Sources */,
			);
			runOnlyForDeploymentPostprocessing = 0;
		};
/* End PBXSourcesBuildPhase section */

/* Begin PBXVariantGroup section */
		A5DC8DAE1EB2ADBF000DD0DA /* Main.storyboard */ = {
			isa = PBXVariantGroup;
			children = (
				A5DC8DAF1EB2ADBF000DD0DA /* Base */,
			);
			name = Main.storyboard;
			sourceTree = "<group>";
		};
		A5DC8DB31EB2ADBF000DD0DA /* LaunchScreen.storyboard */ = {
			isa = PBXVariantGroup;
			children = (
				A5DC8DB41EB2ADBF000DD0DA /* Base */,
			);
			name = LaunchScreen.storyboard;
			sourceTree = "<group>";
		};
/* End PBXVariantGroup section */

/* Begin XCBuildConfiguration section */
		A5DC8DB71EB2ADBF000DD0DA /* Debug */ = {
			isa = XCBuildConfiguration;
			buildSettings = {
				ALWAYS_SEARCH_USER_PATHS = NO;
				CLANG_ANALYZER_NONNULL = YES;
				CLANG_ANALYZER_NUMBER_OBJECT_CONVERSION = YES_AGGRESSIVE;
				CLANG_CXX_LANGUAGE_STANDARD = "gnu++0x";
				CLANG_CXX_LIBRARY = "libc++";
				CLANG_ENABLE_MODULES = YES;
				CLANG_ENABLE_OBJC_ARC = YES;
				CLANG_WARN_BOOL_CONVERSION = YES;
				CLANG_WARN_CONSTANT_CONVERSION = YES;
				CLANG_WARN_DIRECT_OBJC_ISA_USAGE = YES_ERROR;
				CLANG_WARN_DOCUMENTATION_COMMENTS = YES;
				CLANG_WARN_EMPTY_BODY = YES;
				CLANG_WARN_ENUM_CONVERSION = YES;
				CLANG_WARN_INFINITE_RECURSION = YES;
				CLANG_WARN_INT_CONVERSION = YES;
				CLANG_WARN_OBJC_ROOT_CLASS = YES_ERROR;
				CLANG_WARN_SUSPICIOUS_MOVE = YES;
				CLANG_WARN_UNREACHABLE_CODE = YES;
				CLANG_WARN__DUPLICATE_METHOD_MATCH = YES;
				"CODE_SIGN_IDENTITY[sdk=iphoneos*]" = "iPhone Developer";
				COPY_PHASE_STRIP = NO;
				DEBUG_INFORMATION_FORMAT = dwarf;
				ENABLE_STRICT_OBJC_MSGSEND = YES;
				ENABLE_TESTABILITY = YES;
				GCC_C_LANGUAGE_STANDARD = gnu99;
				GCC_DYNAMIC_NO_PIC = NO;
				GCC_NO_COMMON_BLOCKS = YES;
				GCC_OPTIMIZATION_LEVEL = 0;
				GCC_PREPROCESSOR_DEFINITIONS = (
					"DEBUG=1",
					"$(inherited)",
				);
				GCC_WARN_64_TO_32_BIT_CONVERSION = YES;
				GCC_WARN_ABOUT_RETURN_TYPE = YES_ERROR;
				GCC_WARN_UNDECLARED_SELECTOR = YES;
				GCC_WARN_UNINITIALIZED_AUTOS = YES_AGGRESSIVE;
				GCC_WARN_UNUSED_FUNCTION = YES;
				GCC_WARN_UNUSED_VARIABLE = YES;
				IPHONEOS_DEPLOYMENT_TARGET = 10.3;
				MTL_ENABLE_DEBUG_INFO = YES;
				ONLY_ACTIVE_ARCH = YES;
				SDKROOT = iphoneos;
				SWIFT_ACTIVE_COMPILATION_CONDITIONS = DEBUG;
				SWIFT_OPTIMIZATION_LEVEL = "-Onone";
			};
			name = Debug;
		};
		A5DC8DB81EB2ADBF000DD0DA /* Release */ = {
			isa = XCBuildConfiguration;
			buildSettings = {
				ALWAYS_SEARCH_USER_PATHS = NO;
				CLANG_ANALYZER_NONNULL = YES;
				CLANG_ANALYZER_NUMBER_OBJECT_CONVERSION = YES_AGGRESSIVE;
				CLANG_CXX_LANGUAGE_STANDARD = "gnu++0x";
				CLANG_CXX_LIBRARY = "libc++";
				CLANG_ENABLE_MODULES = YES;
				CLANG_ENABLE_OBJC_ARC = YES;
				CLANG_WARN_BOOL_CONVERSION = YES;
				CLANG_WARN_CONSTANT_CONVERSION = YES;
				CLANG_WARN_DIRECT_OBJC_ISA_USAGE = YES_ERROR;
				CLANG_WARN_DOCUMENTATION_COMMENTS = YES;
				CLANG_WARN_EMPTY_BODY = YES;
				CLANG_WARN_ENUM_CONVERSION = YES;
				CLANG_WARN_INFINITE_RECURSION = YES;
				CLANG_WARN_INT_CONVERSION = YES;
				CLANG_WARN_OBJC_ROOT_CLASS = YES_ERROR;
				CLANG_WARN_SUSPICIOUS_MOVE = YES;
				CLANG_WARN_UNREACHABLE_CODE = YES;
				CLANG_WARN__DUPLICATE_METHOD_MATCH = YES;
				"CODE_SIGN_IDENTITY[sdk=iphoneos*]" = "iPhone Developer";
				COPY_PHASE_STRIP = NO;
				DEBUG_INFORMATION_FORMAT = "dwarf-with-dsym";
				ENABLE_NS_ASSERTIONS = NO;
				ENABLE_STRICT_OBJC_MSGSEND = YES;
				GCC_C_LANGUAGE_STANDARD = gnu99;
				GCC_NO_COMMON_BLOCKS = YES;
				GCC_WARN_64_TO_32_BIT_CONVERSION = YES;
				GCC_WARN_ABOUT_RETURN_TYPE = YES_ERROR;
				GCC_WARN_UNDECLARED_SELECTOR = YES;
				GCC_WARN_UNINITIALIZED_AUTOS = YES_AGGRESSIVE;
				GCC_WARN_UNUSED_FUNCTION = YES;
				GCC_WARN_UNUSED_VARIABLE = YES;
				IPHONEOS_DEPLOYMENT_TARGET = 10.3;
				MTL_ENABLE_DEBUG_INFO = NO;
				SDKROOT = iphoneos;
				SWIFT_OPTIMIZATION_LEVEL = "-Owholemodule";
				VALIDATE_PRODUCT = YES;
			};
			name = Release;
		};
		A5DC8DBA1EB2ADBF000DD0DA /* Debug */ = {
			isa = XCBuildConfiguration;
			baseConfigurationReference = 3B375B46A227EF595388EAE1 /* Pods-OnTheMap.debug.xcconfig */;
			buildSettings = {
				ASSETCATALOG_COMPILER_APPICON_NAME = AppIcon;
				DEVELOPMENT_TEAM = XKM44UF8A2;
				INFOPLIST_FILE = OnTheMap/Info.plist;
				LD_RUNPATH_SEARCH_PATHS = "$(inherited) @executable_path/Frameworks";
				PRODUCT_BUNDLE_IDENTIFIER = com.chrisleung.OnTheMap;
				PRODUCT_NAME = "$(TARGET_NAME)";
				SWIFT_VERSION = 3.0;
			};
			name = Debug;
		};
		A5DC8DBB1EB2ADBF000DD0DA /* Release */ = {
			isa = XCBuildConfiguration;
			baseConfigurationReference = C2C6BAFA7EE9545374EB5163 /* Pods-OnTheMap.release.xcconfig */;
			buildSettings = {
				ASSETCATALOG_COMPILER_APPICON_NAME = AppIcon;
				DEVELOPMENT_TEAM = XKM44UF8A2;
				INFOPLIST_FILE = OnTheMap/Info.plist;
				LD_RUNPATH_SEARCH_PATHS = "$(inherited) @executable_path/Frameworks";
				PRODUCT_BUNDLE_IDENTIFIER = com.chrisleung.OnTheMap;
				PRODUCT_NAME = "$(TARGET_NAME)";
				SWIFT_VERSION = 3.0;
			};
			name = Release;
		};
/* End XCBuildConfiguration section */

/* Begin XCConfigurationList section */
		A5DC8DA21EB2ADBF000DD0DA /* Build configuration list for PBXProject "OnTheMap" */ = {
			isa = XCConfigurationList;
			buildConfigurations = (
				A5DC8DB71EB2ADBF000DD0DA /* Debug */,
				A5DC8DB81EB2ADBF000DD0DA /* Release */,
			);
			defaultConfigurationIsVisible = 0;
			defaultConfigurationName = Release;
		};
		A5DC8DB91EB2ADBF000DD0DA /* Build configuration list for PBXNativeTarget "OnTheMap" */ = {
			isa = XCConfigurationList;
			buildConfigurations = (
				A5DC8DBA1EB2ADBF000DD0DA /* Debug */,
				A5DC8DBB1EB2ADBF000DD0DA /* Release */,
			);
			defaultConfigurationIsVisible = 0;
			defaultConfigurationName = Release;
		};
/* End XCConfigurationList section */
	};
	rootObject = A5DC8D9F1EB2ADBF000DD0DA /* Project object */;
}
